<?xml version="1.0" encoding="utf-8"?>
<Project ToolsVersion="17.0" xmlns="http://schemas.microsoft.com/developer/msbuild/2003">
  <ItemGroup>
    <None Include="..\..\Snake.uproject" />
    <Filter Include="Source">
      <UniqueIdentifier>{A02D694A-8F88-4138-8355-2A3EF45B2E9A}</UniqueIdentifier>
    </Filter>
    <None Include="..\..\Source\Snake.Target.cs">
      <Filter>Source</Filter>
    </None>
    <None Include="..\..\Source\SnakeEditor.Target.cs">
      <Filter>Source</Filter>
    </None>
    <Filter Include="Config">
      <UniqueIdentifier>{12E8F54E-B644-4094-893F-5ADF8C2FDB43}</UniqueIdentifier>
    </Filter>
    <None Include="..\..\Config\DefaultEditor.ini">
      <Filter>Config</Filter>
    </None>
    <None Include="..\..\Config\DefaultEngine.ini">
      <Filter>Config</Filter>
    </None>
    <None Include="..\..\Config\DefaultGame.ini">
      <Filter>Config</Filter>
    </None>
    <Filter Include="Source\Snake">
      <UniqueIdentifier>{3D10AB49-7C64-48BE-A24B-EDF42F35C9C4}</UniqueIdentifier>
    </Filter>
    <ClCompile Include="..\..\Source\Snake\MyActor.cpp">
      <Filter>Source\Snake</Filter>
    </ClCompile>
    <ClInclude Include="..\..\Source\Snake\MyActor.h">
      <Filter>Source\Snake</Filter>
    </ClInclude>
    <None Include="..\..\Source\Snake\Snake.Build.cs">
      <Filter>Source\Snake</Filter>
    </None>
    <ClCompile Include="..\..\Source\Snake\Snake.cpp">
      <Filter>Source\Snake</Filter>
    </ClCompile>
    <ClInclude Include="..\..\Source\Snake\Snake.h">
      <Filter>Source\Snake</Filter>
    </ClInclude>
    <ClCompile Include="..\..\Source\Snake\SnakeGameModeBase.cpp">
      <Filter>Source\Snake</Filter>
    </ClCompile>
    <ClInclude Include="..\..\Source\Snake\SnakeGameModeBase.h">
      <Filter>Source\Snake</Filter>
    </ClInclude>
  </ItemGroup>
</Project>
